// !$*UTF8*$!
{
	archiveVersion = 1;
	classes = {
	};
	objectVersion = 56;
	objects = {

/* Begin PBXBuildFile section */
		4DD5AD282A8D54E4008DBCC0 /* exquisite_gamblingApp.swift in Sources */ = {isa = PBXBuildFile; fileRef = 4DD5AD272A8D54E4008DBCC0 /* exquisite_gamblingApp.swift */; };
		4DD5AD2A2A8D54E4008DBCC0 /* ContentView.swift in Sources */ = {isa = PBXBuildFile; fileRef = 4DD5AD292A8D54E4008DBCC0 /* ContentView.swift */; };
		4DD5AD2C2A8D54E4008DBCC0 /* Item.swift in Sources */ = {isa = PBXBuildFile; fileRef = 4DD5AD2B2A8D54E4008DBCC0 /* Item.swift */; };
		4DD5AD2E2A8D54EF008DBCC0 /* Assets.xcassets in Resources */ = {isa = PBXBuildFile; fileRef = 4DD5AD2D2A8D54EF008DBCC0 /* Assets.xcassets */; };
		4DD5AD322A8D54EF008DBCC0 /* Preview Assets.xcassets in Resources */ = {isa = PBXBuildFile; fileRef = 4DD5AD312A8D54EF008DBCC0 /* Preview Assets.xcassets */; };
		4DD5AD3D2A8D54EF008DBCC0 /* exquisite_gamblingTests.swift in Sources */ = {isa = PBXBuildFile; fileRef = 4DD5AD3C2A8D54EF008DBCC0 /* exquisite_gamblingTests.swift */; };
		4DD5AD472A8D54EF008DBCC0 /* exquisite_gamblingUITests.swift in Sources */ = {isa = PBXBuildFile; fileRef = 4DD5AD462A8D54EF008DBCC0 /* exquisite_gamblingUITests.swift */; };
		4DD5AD492A8D54F0008DBCC0 /* exquisite_gamblingUITestsLaunchTests.swift in Sources */ = {isa = PBXBuildFile; fileRef = 4DD5AD482A8D54F0008DBCC0 /* exquisite_gamblingUITestsLaunchTests.swift */; };
/* End PBXBuildFile section */

/* Begin PBXContainerItemProxy section */
		4DD5AD392A8D54EF008DBCC0 /* PBXContainerItemProxy */ = {
			isa = PBXContainerItemProxy;
			containerPortal = 4DD5AD1C2A8D54E3008DBCC0 /* Project object */;
			proxyType = 1;
			remoteGlobalIDString = 4DD5AD232A8D54E4008DBCC0;
			remoteInfo = "exquisite gambling";
		};
		4DD5AD432A8D54EF008DBCC0 /* PBXContainerItemProxy */ = {
			isa = PBXContainerItemProxy;
			containerPortal = 4DD5AD1C2A8D54E3008DBCC0 /* Project object */;
			proxyType = 1;
			remoteGlobalIDString = 4DD5AD232A8D54E4008DBCC0;
			remoteInfo = "exquisite gambling";
		};
/* End PBXContainerItemProxy section */

/* Begin PBXFileReference section */
		4DD5AD242A8D54E4008DBCC0 /* exquisite gambling.app */ = {isa = PBXFileReference; explicitFileType = wrapper.application; includeInIndex = 0; path = "exquisite gambling.app"; sourceTree = BUILT_PRODUCTS_DIR; };
		4DD5AD272A8D54E4008DBCC0 /* exquisite_gamblingApp.swift */ = {isa = PBXFileReference; lastKnownFileType = sourcecode.swift; path = exquisite_gamblingApp.swift; sourceTree = "<group>"; };
		4DD5AD292A8D54E4008DBCC0 /* ContentView.swift */ = {isa = PBXFileReference; lastKnownFileType = sourcecode.swift; path = ContentView.swift; sourceTree = "<group>"; };
		4DD5AD2B2A8D54E4008DBCC0 /* Item.swift */ = {isa = PBXFileReference; lastKnownFileType = sourcecode.swift; path = Item.swift; sourceTree = "<group>"; };
		4DD5AD2D2A8D54EF008DBCC0 /* Assets.xcassets */ = {isa = PBXFileReference; lastKnownFileType = folder.assetcatalog; path = Assets.xcassets; sourceTree = "<group>"; };
		4DD5AD2F2A8D54EF008DBCC0 /* exquisite_gambling.entitlements */ = {isa = PBXFileReference; lastKnownFileType = text.plist.entitlements; path = exquisite_gambling.entitlements; sourceTree = "<group>"; };
		4DD5AD312A8D54EF008DBCC0 /* Preview Assets.xcassets */ = {isa = PBXFileReference; lastKnownFileType = folder.assetcatalog; path = "Preview Assets.xcassets"; sourceTree = "<group>"; };
		4DD5AD332A8D54EF008DBCC0 /* Info.plist */ = {isa = PBXFileReference; lastKnownFileType = text.plist.xml; path = Info.plist; sourceTree = "<group>"; };
		4DD5AD382A8D54EF008DBCC0 /* exquisite gamblingTests.xctest */ = {isa = PBXFileReference; explicitFileType = wrapper.cfbundle; includeInIndex = 0; path = "exquisite gamblingTests.xctest"; sourceTree = BUILT_PRODUCTS_DIR; };
		4DD5AD3C2A8D54EF008DBCC0 /* exquisite_gamblingTests.swift */ = {isa = PBXFileReference; lastKnownFileType = sourcecode.swift; path = exquisite_gamblingTests.swift; sourceTree = "<group>"; };
		4DD5AD422A8D54EF008DBCC0 /* exquisite gamblingUITests.xctest */ = {isa = PBXFileReference; explicitFileType = wrapper.cfbundle; includeInIndex = 0; path = "exquisite gamblingUITests.xctest"; sourceTree = BUILT_PRODUCTS_DIR; };
		4DD5AD462A8D54EF008DBCC0 /* exquisite_gamblingUITests.swift */ = {isa = PBXFileReference; lastKnownFileType = sourcecode.swift; path = exquisite_gamblingUITests.swift; sourceTree = "<group>"; };
		4DD5AD482A8D54F0008DBCC0 /* exquisite_gamblingUITestsLaunchTests.swift */ = {isa = PBXFileReference; lastKnownFileType = sourcecode.swift; path = exquisite_gamblingUITestsLaunchTests.swift; sourceTree = "<group>"; };
/* End PBXFileReference section */

/* Begin PBXFrameworksBuildPhase section */
		4DD5AD212A8D54E4008DBCC0 /* Frameworks */ = {
			isa = PBXFrameworksBuildPhase;
			buildActionMask = 2147483647;
			files = (
			);
			runOnlyForDeploymentPostprocessing = 0;
		};
		4DD5AD352A8D54EF008DBCC0 /* Frameworks */ = {
			isa = PBXFrameworksBuildPhase;
			buildActionMask = 2147483647;
			files = (
			);
			runOnlyForDeploymentPostprocessing = 0;
		};
		4DD5AD3F2A8D54EF008DBCC0 /* Frameworks */ = {
			isa = PBXFrameworksBuildPhase;
			buildActionMask = 2147483647;
			files = (
			);
			runOnlyForDeploymentPostprocessing = 0;
		};
/* End PBXFrameworksBuildPhase section */

/* Begin PBXGroup section */
		4DD5AD1B2A8D54E3008DBCC0 = {
			isa = PBXGroup;
			children = (
				4DD5AD262A8D54E4008DBCC0 /* exquisite gambling */,
				4DD5AD3B2A8D54EF008DBCC0 /* exquisite gamblingTests */,
				4DD5AD452A8D54EF008DBCC0 /* exquisite gamblingUITests */,
				4DD5AD252A8D54E4008DBCC0 /* Products */,
			);
			sourceTree = "<group>";
		};
		4DD5AD252A8D54E4008DBCC0 /* Products */ = {
			isa = PBXGroup;
			children = (
				4DD5AD242A8D54E4008DBCC0 /* exquisite gambling.app */,
				4DD5AD382A8D54EF008DBCC0 /* exquisite gamblingTests.xctest */,
				4DD5AD422A8D54EF008DBCC0 /* exquisite gamblingUITests.xctest */,
			);
			name = Products;
			sourceTree = "<group>";
		};
		4DD5AD262A8D54E4008DBCC0 /* exquisite gambling */ = {
			isa = PBXGroup;
			children = (
				4DD5AD272A8D54E4008DBCC0 /* exquisite_gamblingApp.swift */,
				4DD5AD292A8D54E4008DBCC0 /* ContentView.swift */,
				4DD5AD2B2A8D54E4008DBCC0 /* Item.swift */,
				4DD5AD2D2A8D54EF008DBCC0 /* Assets.xcassets */,
				4DD5AD2F2A8D54EF008DBCC0 /* exquisite_gambling.entitlements */,
				4DD5AD332A8D54EF008DBCC0 /* Info.plist */,
				4DD5AD302A8D54EF008DBCC0 /* Preview Content */,
			);
			path = "exquisite gambling";
			sourceTree = "<group>";
		};
		4DD5AD302A8D54EF008DBCC0 /* Preview Content */ = {
			isa = PBXGroup;
			children = (
				4DD5AD312A8D54EF008DBCC0 /* Preview Assets.xcassets */,
			);
			path = "Preview Content";
			sourceTree = "<group>";
		};
		4DD5AD3B2A8D54EF008DBCC0 /* exquisite gamblingTests */ = {
			isa = PBXGroup;
			children = (
				4DD5AD3C2A8D54EF008DBCC0 /* exquisite_gamblingTests.swift */,
			);
			path = "exquisite gamblingTests";
			sourceTree = "<group>";
		};
		4DD5AD452A8D54EF008DBCC0 /* exquisite gamblingUITests */ = {
			isa = PBXGroup;
			children = (
				4DD5AD462A8D54EF008DBCC0 /* exquisite_gamblingUITests.swift */,
				4DD5AD482A8D54F0008DBCC0 /* exquisite_gamblingUITestsLaunchTests.swift */,
			);
			path = "exquisite gamblingUITests";
			sourceTree = "<group>";
		};
/* End PBXGroup section */

/* Begin PBXNativeTarget section */
		4DD5AD232A8D54E4008DBCC0 /* exquisite gambling */ = {
			isa = PBXNativeTarget;
			buildConfigurationList = 4DD5AD4C2A8D54F0008DBCC0 /* Build configuration list for PBXNativeTarget "exquisite gambling" */;
			buildPhases = (
				4DD5AD202A8D54E4008DBCC0 /* Sources */,
				4DD5AD212A8D54E4008DBCC0 /* Frameworks */,
				4DD5AD222A8D54E4008DBCC0 /* Resources */,
			);
			buildRules = (
			);
			dependencies = (
			);
			name = "exquisite gambling";
			productName = "exquisite gambling";
			productReference = 4DD5AD242A8D54E4008DBCC0 /* exquisite gambling.app */;
			productType = "com.apple.product-type.application";
		};
		4DD5AD372A8D54EF008DBCC0 /* exquisite gamblingTests */ = {
			isa = PBXNativeTarget;
			buildConfigurationList = 4DD5AD4F2A8D54F0008DBCC0 /* Build configuration list for PBXNativeTarget "exquisite gamblingTests" */;
			buildPhases = (
				4DD5AD342A8D54EF008DBCC0 /* Sources */,
				4DD5AD352A8D54EF008DBCC0 /* Frameworks */,
				4DD5AD362A8D54EF008DBCC0 /* Resources */,
			);
			buildRules = (
			);
			dependencies = (
				4DD5AD3A2A8D54EF008DBCC0 /* PBXTargetDependency */,
			);
			name = "exquisite gamblingTests";
			productName = "exquisite gamblingTests";
			productReference = 4DD5AD382A8D54EF008DBCC0 /* exquisite gamblingTests.xctest */;
			productType = "com.apple.product-type.bundle.unit-test";
		};
		4DD5AD412A8D54EF008DBCC0 /* exquisite gamblingUITests */ = {
			isa = PBXNativeTarget;
			buildConfigurationList = 4DD5AD522A8D54F0008DBCC0 /* Build configuration list for PBXNativeTarget "exquisite gamblingUITests" */;
			buildPhases = (
				4DD5AD3E2A8D54EF008DBCC0 /* Sources */,
				4DD5AD3F2A8D54EF008DBCC0 /* Frameworks */,
				4DD5AD402A8D54EF008DBCC0 /* Resources */,
			);
			buildRules = (
			);
			dependencies = (
				4DD5AD442A8D54EF008DBCC0 /* PBXTargetDependency */,
			);
			name = "exquisite gamblingUITests";
			productName = "exquisite gamblingUITests";
			productReference = 4DD5AD422A8D54EF008DBCC0 /* exquisite gamblingUITests.xctest */;
			productType = "com.apple.product-type.bundle.ui-testing";
		};
/* End PBXNativeTarget section */

/* Begin PBXProject section */
		4DD5AD1C2A8D54E3008DBCC0 /* Project object */ = {
			isa = PBXProject;
			attributes = {
				BuildIndependentTargetsInParallel = 1;
				LastSwiftUpdateCheck = 1500;
				LastUpgradeCheck = 1500;
				TargetAttributes = {
					4DD5AD232A8D54E4008DBCC0 = {
						CreatedOnToolsVersion = 15.0;
					};
					4DD5AD372A8D54EF008DBCC0 = {
						CreatedOnToolsVersion = 15.0;
						TestTargetID = 4DD5AD232A8D54E4008DBCC0;
					};
					4DD5AD412A8D54EF008DBCC0 = {
						CreatedOnToolsVersion = 15.0;
						TestTargetID = 4DD5AD232A8D54E4008DBCC0;
					};
				};
			};
			buildConfigurationList = 4DD5AD1F2A8D54E3008DBCC0 /* Build configuration list for PBXProject "exquisite gambling" */;
			compatibilityVersion = "Xcode 14.0";
			developmentRegion = en;
			hasScannedForEncodings = 0;
			knownRegions = (
				en,
				Base,
			);
			mainGroup = 4DD5AD1B2A8D54E3008DBCC0;
			productRefGroup = 4DD5AD252A8D54E4008DBCC0 /* Products */;
			projectDirPath = "";
			projectRoot = "";
			targets = (
				4DD5AD232A8D54E4008DBCC0 /* exquisite gambling */,
				4DD5AD372A8D54EF008DBCC0 /* exquisite gamblingTests */,
				4DD5AD412A8D54EF008DBCC0 /* exquisite gamblingUITests */,
			);
		};
/* End PBXProject section */

/* Begin PBXResourcesBuildPhase section */
		4DD5AD222A8D54E4008DBCC0 /* Resources */ = {
			isa = PBXResourcesBuildPhase;
			buildActionMask = 2147483647;
			files = (
				4DD5AD322A8D54EF008DBCC0 /* Preview Assets.xcassets in Resources */,
				4DD5AD2E2A8D54EF008DBCC0 /* Assets.xcassets in Resources */,
			);
			runOnlyForDeploymentPostprocessing = 0;
		};
		4DD5AD362A8D54EF008DBCC0 /* Resources */ = {
			isa = PBXResourcesBuildPhase;
			buildActionMask = 2147483647;
			files = (
			);
			runOnlyForDeploymentPostprocessing = 0;
		};
		4DD5AD402A8D54EF008DBCC0 /* Resources */ = {
			isa = PBXResourcesBuildPhase;
			buildActionMask = 2147483647;
			files = (
			);
			runOnlyForDeploymentPostprocessing = 0;
		};
/* End PBXResourcesBuildPhase section */

/* Begin PBXSourcesBuildPhase section */
		4DD5AD202A8D54E4008DBCC0 /* Sources */ = {
			isa = PBXSourcesBuildPhase;
			buildActionMask = 2147483647;
			files = (
				4DD5AD2A2A8D54E4008DBCC0 /* ContentView.swift in Sources */,
				4DD5AD2C2A8D54E4008DBCC0 /* Item.swift in Sources */,
				4DD5AD282A8D54E4008DBCC0 /* exquisite_gamblingApp.swift in Sources */,
			);
			runOnlyForDeploymentPostprocessing = 0;
		};
		4DD5AD342A8D54EF008DBCC0 /* Sources */ = {
			isa = PBXSourcesBuildPhase;
			buildActionMask = 2147483647;
			files = (
				4DD5AD3D2A8D54EF008DBCC0 /* exquisite_gamblingTests.swift in Sources */,
			);
			runOnlyForDeploymentPostprocessing = 0;
		};
		4DD5AD3E2A8D54EF008DBCC0 /* Sources */ = {
			isa = PBXSourcesBuildPhase;
			buildActionMask = 2147483647;
			files = (
				4DD5AD472A8D54EF008DBCC0 /* exquisite_gamblingUITests.swift in Sources */,
				4DD5AD492A8D54F0008DBCC0 /* exquisite_gamblingUITestsLaunchTests.swift in Sources */,
			);
			runOnlyForDeploymentPostprocessing = 0;
		};
/* End PBXSourcesBuildPhase section */

/* Begin PBXTargetDependency section */
		4DD5AD3A2A8D54EF008DBCC0 /* PBXTargetDependency */ = {
			isa = PBXTargetDependency;
			target = 4DD5AD232A8D54E4008DBCC0 /* exquisite gambling */;
			targetProxy = 4DD5AD392A8D54EF008DBCC0 /* PBXContainerItemProxy */;
		};
		4DD5AD442A8D54EF008DBCC0 /* PBXTargetDependency */ = {
			isa = PBXTargetDependency;
			target = 4DD5AD232A8D54E4008DBCC0 /* exquisite gambling */;
			targetProxy = 4DD5AD432A8D54EF008DBCC0 /* PBXContainerItemProxy */;
		};
/* End PBXTargetDependency section */

/* Begin XCBuildConfiguration section */
		4DD5AD4A2A8D54F0008DBCC0 /* Debug */ = {
			isa = XCBuildConfiguration;
			buildSettings = {
				ALWAYS_SEARCH_USER_PATHS = NO;
				ASSETCATALOG_COMPILER_GENERATE_SWIFT_ASSET_SYMBOL_EXTENSIONS = YES;
				CLANG_ANALYZER_NONNULL = YES;
				CLANG_ANALYZER_NUMBER_OBJECT_CONVERSION = YES_AGGRESSIVE;
				CLANG_CXX_LANGUAGE_STANDARD = "gnu++20";
				CLANG_ENABLE_MODULES = YES;
				CLANG_ENABLE_OBJC_ARC = YES;
				CLANG_ENABLE_OBJC_WEAK = YES;
				CLANG_WARN_BLOCK_CAPTURE_AUTORELEASING = YES;
				CLANG_WARN_BOOL_CONVERSION = YES;
				CLANG_WARN_COMMA = YES;
				CLANG_WARN_CONSTANT_CONVERSION = YES;
				CLANG_WARN_DEPRECATED_OBJC_IMPLEMENTATIONS = YES;
				CLANG_WARN_DIRECT_OBJC_ISA_USAGE = YES_ERROR;
				CLANG_WARN_DOCUMENTATION_COMMENTS = YES;
				CLANG_WARN_EMPTY_BODY = YES;
				CLANG_WARN_ENUM_CONVERSION = YES;
				CLANG_WARN_INFINITE_RECURSION = YES;
				CLANG_WARN_INT_CONVERSION = YES;
				CLANG_WARN_NON_LITERAL_NULL_CONVERSION = YES;
				CLANG_WARN_OBJC_IMPLICIT_RETAIN_SELF = YES;
				CLANG_WARN_OBJC_LITERAL_CONVERSION = YES;
				CLANG_WARN_OBJC_ROOT_CLASS = YES_ERROR;
				CLANG_WARN_QUOTED_INCLUDE_IN_FRAMEWORK_HEADER = YES;
				CLANG_WARN_RANGE_LOOP_ANALYSIS = YES;
				CLANG_WARN_STRICT_PROTOTYPES = YES;
				CLANG_WARN_SUSPICIOUS_MOVE = YES;
				CLANG_WARN_UNGUARDED_AVAILABILITY = YES_AGGRESSIVE;
				CLANG_WARN_UNREACHABLE_CODE = YES;
				CLANG_WARN__DUPLICATE_METHOD_MATCH = YES;
				COPY_PHASE_STRIP = NO;
				DEBUG_INFORMATION_FORMAT = dwarf;
				ENABLE_STRICT_OBJC_MSGSEND = YES;
				ENABLE_TESTABILITY = YES;
				ENABLE_USER_SCRIPT_SANDBOXING = YES;
				GCC_C_LANGUAGE_STANDARD = gnu17;
				GCC_DYNAMIC_NO_PIC = NO;
				GCC_NO_COMMON_BLOCKS = YES;
				GCC_OPTIMIZATION_LEVEL = 0;
				GCC_PREPROCESSOR_DEFINITIONS = (
					"DEBUG=1",
					"$(inherited)",
				);
				GCC_WARN_64_TO_32_BIT_CONVERSION = YES;
				GCC_WARN_ABOUT_RETURN_TYPE = YES_ERROR;
				GCC_WARN_UNDECLARED_SELECTOR = YES;
				GCC_WARN_UNINITIALIZED_AUTOS = YES_AGGRESSIVE;
				GCC_WARN_UNUSED_FUNCTION = YES;
				GCC_WARN_UNUSED_VARIABLE = YES;
				LOCALIZATION_PREFERS_STRING_CATALOGS = YES;
				MTL_ENABLE_DEBUG_INFO = INCLUDE_SOURCE;
				MTL_FAST_MATH = YES;
				ONLY_ACTIVE_ARCH = YES;
				SWIFT_ACTIVE_COMPILATION_CONDITIONS = "DEBUG $(inherited)";
				SWIFT_OPTIMIZATION_LEVEL = "-Onone";
			};
			name = Debug;
		};
		4DD5AD4B2A8D54F0008DBCC0 /* Release */ = {
			isa = XCBuildConfiguration;
			buildSettings = {
				ALWAYS_SEARCH_USER_PATHS = NO;
				ASSETCATALOG_COMPILER_GENERATE_SWIFT_ASSET_SYMBOL_EXTENSIONS = YES;
				CLANG_ANALYZER_NONNULL = YES;
				CLANG_ANALYZER_NUMBER_OBJECT_CONVERSION = YES_AGGRESSIVE;
				CLANG_CXX_LANGUAGE_STANDARD = "gnu++20";
				CLANG_ENABLE_MODULES = YES;
				CLANG_ENABLE_OBJC_ARC = YES;
				CLANG_ENABLE_OBJC_WEAK = YES;
				CLANG_WARN_BLOCK_CAPTURE_AUTORELEASING = YES;
				CLANG_WARN_BOOL_CONVERSION = YES;
				CLANG_WARN_COMMA = YES;
				CLANG_WARN_CONSTANT_CONVERSION = YES;
				CLANG_WARN_DEPRECATED_OBJC_IMPLEMENTATIONS = YES;
				CLANG_WARN_DIRECT_OBJC_ISA_USAGE = YES_ERROR;
				CLANG_WARN_DOCUMENTATION_COMMENTS = YES;
				CLANG_WARN_EMPTY_BODY = YES;
				CLANG_WARN_ENUM_CONVERSION = YES;
				CLANG_WARN_INFINITE_RECURSION = YES;
				CLANG_WARN_INT_CONVERSION = YES;
				CLANG_WARN_NON_LITERAL_NULL_CONVERSION = YES;
				CLANG_WARN_OBJC_IMPLICIT_RETAIN_SELF = YES;
				CLANG_WARN_OBJC_LITERAL_CONVERSION = YES;
				CLANG_WARN_OBJC_ROOT_CLASS = YES_ERROR;
				CLANG_WARN_QUOTED_INCLUDE_IN_FRAMEWORK_HEADER = YES;
				CLANG_WARN_RANGE_LOOP_ANALYSIS = YES;
				CLANG_WARN_STRICT_PROTOTYPES = YES;
				CLANG_WARN_SUSPICIOUS_MOVE = YES;
				CLANG_WARN_UNGUARDED_AVAILABILITY = YES_AGGRESSIVE;
				CLANG_WARN_UNREACHABLE_CODE = YES;
				CLANG_WARN__DUPLICATE_METHOD_MATCH = YES;
				COPY_PHASE_STRIP = NO;
				DEBUG_INFORMATION_FORMAT = "dwarf-with-dsym";
				ENABLE_NS_ASSERTIONS = NO;
				ENABLE_STRICT_OBJC_MSGSEND = YES;
				ENABLE_USER_SCRIPT_SANDBOXING = YES;
				GCC_C_LANGUAGE_STANDARD = gnu17;
				GCC_NO_COMMON_BLOCKS = YES;
				GCC_WARN_64_TO_32_BIT_CONVERSION = YES;
				GCC_WARN_ABOUT_RETURN_TYPE = YES_ERROR;
				GCC_WARN_UNDECLARED_SELECTOR = YES;
				GCC_WARN_UNINITIALIZED_AUTOS = YES_AGGRESSIVE;
				GCC_WARN_UNUSED_FUNCTION = YES;
				GCC_WARN_UNUSED_VARIABLE = YES;
				LOCALIZATION_PREFERS_STRING_CATALOGS = YES;
				MTL_ENABLE_DEBUG_INFO = NO;
				MTL_FAST_MATH = YES;
				SWIFT_COMPILATION_MODE = wholemodule;
			};
			name = Release;
		};
		4DD5AD4D2A8D54F0008DBCC0 /* Debug */ = {
			isa = XCBuildConfiguration;
			buildSettings = {
				ASSETCATALOG_COMPILER_APPICON_NAME = AppIcon;
				ASSETCATALOG_COMPILER_GLOBAL_ACCENT_COLOR_NAME = AccentColor;
				CODE_SIGN_ENTITLEMENTS = "exquisite gambling/exquisite_gambling.entitlements";
				CODE_SIGN_STYLE = Automatic;
				CURRENT_PROJECT_VERSION = 1;
				DEVELOPMENT_ASSET_PATHS = "\"exquisite gambling/Preview Content\"";
				DEVELOPMENT_TEAM = 4T6W73C674;
				ENABLE_HARDENED_RUNTIME = YES;
				ENABLE_PREVIEWS = YES;
				GENERATE_INFOPLIST_FILE = YES;
				INFOPLIST_FILE = "exquisite gambling/Info.plist";
				"INFOPLIST_KEY_UIApplicationSceneManifest_Generation[sdk=iphoneos*]" = YES;
				"INFOPLIST_KEY_UIApplicationSceneManifest_Generation[sdk=iphonesimulator*]" = YES;
				"INFOPLIST_KEY_UIApplicationSupportsIndirectInputEvents[sdk=iphoneos*]" = YES;
				"INFOPLIST_KEY_UIApplicationSupportsIndirectInputEvents[sdk=iphonesimulator*]" = YES;
				"INFOPLIST_KEY_UILaunchScreen_Generation[sdk=iphoneos*]" = YES;
				"INFOPLIST_KEY_UILaunchScreen_Generation[sdk=iphonesimulator*]" = YES;
				"INFOPLIST_KEY_UIStatusBarStyle[sdk=iphoneos*]" = UIStatusBarStyleDefault;
				"INFOPLIST_KEY_UIStatusBarStyle[sdk=iphonesimulator*]" = UIStatusBarStyleDefault;
				INFOPLIST_KEY_UISupportedInterfaceOrientations_iPad = "UIInterfaceOrientationPortrait UIInterfaceOrientationPortraitUpsideDown UIInterfaceOrientationLandscapeLeft UIInterfaceOrientationLandscapeRight";
				INFOPLIST_KEY_UISupportedInterfaceOrientations_iPhone = "UIInterfaceOrientationPortrait UIInterfaceOrientationLandscapeLeft UIInterfaceOrientationLandscapeRight";
				IPHONEOS_DEPLOYMENT_TARGET = 17.0;
				LD_RUNPATH_SEARCH_PATHS = "@executable_path/Frameworks";
				"LD_RUNPATH_SEARCH_PATHS[sdk=macosx*]" = "@executable_path/../Frameworks";
				MACOSX_DEPLOYMENT_TARGET = 14.0;
				MARKETING_VERSION = 1.0;
				PRODUCT_BUNDLE_IDENTIFIER = "exquisitegambling.com.exquisite-gambling";
				PRODUCT_NAME = "$(TARGET_NAME)";
				SDKROOT = auto;
				SUPPORTED_PLATFORMS = "iphoneos iphonesimulator macosx";
				SWIFT_EMIT_LOC_STRINGS = YES;
				SWIFT_VERSION = 5.0;
				TARGETED_DEVICE_FAMILY = "1,2";
			};
			name = Debug;
		};
		4DD5AD4E2A8D54F0008DBCC0 /* Release */ = {
			isa = XCBuildConfiguration;
			buildSettings = {
				ASSETCATALOG_COMPILER_APPICON_NAME = AppIcon;
				ASSETCATALOG_COMPILER_GLOBAL_ACCENT_COLOR_NAME = AccentColor;
				CODE_SIGN_ENTITLEMENTS = "exquisite gambling/exquisite_gambling.entitlements";
				CODE_SIGN_STYLE = Automatic;
				CURRENT_PROJECT_VERSION = 1;
				DEVELOPMENT_ASSET_PATHS = "\"exquisite gambling/Preview Content\"";
				DEVELOPMENT_TEAM = 4T6W73C674;
				ENABLE_HARDENED_RUNTIME = YES;
				ENABLE_PREVIEWS = YES;
				GENERATE_INFOPLIST_FILE = YES;
				INFOPLIST_FILE = "exquisite gambling/Info.plist";
				"INFOPLIST_KEY_UIApplicationSceneManifest_Generation[sdk=iphoneos*]" = YES;
				"INFOPLIST_KEY_UIApplicationSceneManifest_Generation[sdk=iphonesimulator*]" = YES;
				"INFOPLIST_KEY_UIApplicationSupportsIndirectInputEvents[sdk=iphoneos*]" = YES;
				"INFOPLIST_KEY_UIApplicationSupportsIndirectInputEvents[sdk=iphonesimulator*]" = YES;
				"INFOPLIST_KEY_UILaunchScreen_Generation[sdk=iphoneos*]" = YES;
				"INFOPLIST_KEY_UILaunchScreen_Generation[sdk=iphonesimulator*]" = YES;
				"INFOPLIST_KEY_UIStatusBarStyle[sdk=iphoneos*]" = UIStatusBarStyleDefault;
				"INFOPLIST_KEY_UIStatusBarStyle[sdk=iphonesimulator*]" = UIStatusBarStyleDefault;
				INFOPLIST_KEY_UISupportedInterfaceOrientations_iPad = "UIInterfaceOrientationPortrait UIInterfaceOrientationPortraitUpsideDown UIInterfaceOrientationLandscapeLeft UIInterfaceOrientationLandscapeRight";
				INFOPLIST_KEY_UISupportedInterfaceOrientations_iPhone = "UIInterfaceOrientationPortrait UIInterfaceOrientationLandscapeLeft UIInterfaceOrientationLandscapeRight";
				IPHONEOS_DEPLOYMENT_TARGET = 17.0;
				LD_RUNPATH_SEARCH_PATHS = "@executable_path/Frameworks";
				"LD_RUNPATH_SEARCH_PATHS[sdk=macosx*]" = "@executable_path/../Frameworks";
				MACOSX_DEPLOYMENT_TARGET = 14.0;
				MARKETING_VERSION = 1.0;
				PRODUCT_BUNDLE_IDENTIFIER = "exquisitegambling.com.exquisite-gambling";
				PRODUCT_NAME = "$(TARGET_NAME)";
				SDKROOT = auto;
				SUPPORTED_PLATFORMS = "iphoneos iphonesimulator macosx";
				SWIFT_EMIT_LOC_STRINGS = YES;
				SWIFT_VERSION = 5.0;
				TARGETED_DEVICE_FAMILY = "1,2";
			};
			name = Release;
		};
		4DD5AD502A8D54F0008DBCC0 /* Debug */ = {
			isa = XCBuildConfiguration;
			buildSettings = {
				ALWAYS_EMBED_SWIFT_STANDARD_LIBRARIES = YES;
				BUNDLE_LOADER = "$(TEST_HOST)";
				CODE_SIGN_STYLE = Automatic;
				CURRENT_PROJECT_VERSION = 1;
				DEVELOPMENT_TEAM = 4T6W73C674;
				GENERATE_INFOPLIST_FILE = YES;
				IPHONEOS_DEPLOYMENT_TARGET = 17.0;
				MACOSX_DEPLOYMENT_TARGET = 13.4;
				MARKETING_VERSION = 1.0;
				PRODUCT_BUNDLE_IDENTIFIER = "exquisitegambling.com.exquisite-gamblingTests";
				PRODUCT_NAME = "$(TARGET_NAME)";
				SDKROOT = auto;
				SUPPORTED_PLATFORMS = "iphoneos iphonesimulator macosx";
				SWIFT_EMIT_LOC_STRINGS = NO;
				SWIFT_VERSION = 5.0;
				TARGETED_DEVICE_FAMILY = "1,2";
				TEST_HOST = "$(BUILT_PRODUCTS_DIR)/exquisite gambling.app/$(BUNDLE_EXECUTABLE_FOLDER_PATH)/exquisite gambling";
			};
			name = Debug;
		};
		4DD5AD512A8D54F0008DBCC0 /* Release */ = {
			isa = XCBuildConfiguration;
			buildSettings = {
				ALWAYS_EMBED_SWIFT_STANDARD_LIBRARIES = YES;
				BUNDLE_LOADER = "$(TEST_HOST)";
				CODE_SIGN_STYLE = Automatic;
				CURRENT_PROJECT_VERSION = 1;
				DEVELOPMENT_TEAM = 4T6W73C674;
				GENERATE_INFOPLIST_FILE = YES;
				IPHONEOS_DEPLOYMENT_TARGET = 17.0;
				MACOSX_DEPLOYMENT_TARGET = 13.4;
				MARKETING_VERSION = 1.0;
				PRODUCT_BUNDLE_IDENTIFIER = "exquisitegambling.com.exquisite-gamblingTests";
				PRODUCT_NAME = "$(TARGET_NAME)";
				SDKROOT = auto;
				SUPPORTED_PLATFORMS = "iphoneos iphonesimulator macosx";
				SWIFT_EMIT_LOC_STRINGS = NO;
				SWIFT_VERSION = 5.0;
				TARGETED_DEVICE_FAMILY = "1,2";
				TEST_HOST = "$(BUILT_PRODUCTS_DIR)/exquisite gambling.app/$(BUNDLE_EXECUTABLE_FOLDER_PATH)/exquisite gambling";
			};
			name = Release;
		};
		4DD5AD532A8D54F0008DBCC0 /* Debug */ = {
			isa = XCBuildConfiguration;
			buildSettings = {
				ALWAYS_EMBED_SWIFT_STANDARD_LIBRARIES = YES;
				CODE_SIGN_STYLE = Automatic;
				CURRENT_PROJECT_VERSION = 1;
				DEVELOPMENT_TEAM = 4T6W73C674;
				GENERATE_INFOPLIST_FILE = YES;
				IPHONEOS_DEPLOYMENT_TARGET = 17.0;
				MACOSX_DEPLOYMENT_TARGET = 13.4;
				MARKETING_VERSION = 1.0;
				PRODUCT_BUNDLE_IDENTIFIER = "exquisitegambling.com.exquisite-gamblingUITests";
				PRODUCT_NAME = "$(TARGET_NAME)";
				SDKROOT = auto;
				SUPPORTED_PLATFORMS = "iphoneos iphonesimulator macosx";
				SWIFT_EMIT_LOC_STRINGS = NO;
				SWIFT_VERSION = 5.0;
				TARGETED_DEVICE_FAMILY = "1,2";
				TEST_TARGET_NAME = "exquisite gambling";
			};
			name = Debug;
		};
		4DD5AD542A8D54F0008DBCC0 /* Release */ = {
			isa = XCBuildConfiguration;
			buildSettings = {
				ALWAYS_EMBED_SWIFT_STANDARD_LIBRARIES = YES;
				CODE_SIGN_STYLE = Automatic;
				CURRENT_PROJECT_VERSION = 1;
				DEVELOPMENT_TEAM = 4T6W73C674;
				GENERATE_INFOPLIST_FILE = YES;
				IPHONEOS_DEPLOYMENT_TARGET = 17.0;
				MACOSX_DEPLOYMENT_TARGET = 13.4;
				MARKETING_VERSION = 1.0;
				PRODUCT_BUNDLE_IDENTIFIER = "exquisitegambling.com.exquisite-gamblingUITests";
				PRODUCT_NAME = "$(TARGET_NAME)";
				SDKROOT = auto;
				SUPPORTED_PLATFORMS = "iphoneos iphonesimulator macosx";
				SWIFT_EMIT_LOC_STRINGS = NO;
				SWIFT_VERSION = 5.0;
				TARGETED_DEVICE_FAMILY = "1,2";
				TEST_TARGET_NAME = "exquisite gambling";
			};
			name = Release;
		};
/* End XCBuildConfiguration section */

/* Begin XCConfigurationList section */
		4DD5AD1F2A8D54E3008DBCC0 /* Build configuration list for PBXProject "exquisite gambling" */ = {
			isa = XCConfigurationList;
			buildConfigurations = (
				4DD5AD4A2A8D54F0008DBCC0 /* Debug */,
				4DD5AD4B2A8D54F0008DBCC0 /* Release */,
			);
			defaultConfigurationIsVisible = 0;
			defaultConfigurationName = Release;
		};
		4DD5AD4C2A8D54F0008DBCC0 /* Build configuration list for PBXNativeTarget "exquisite gambling" */ = {
			isa = XCConfigurationList;
			buildConfigurations = (
				4DD5AD4D2A8D54F0008DBCC0 /* Debug */,
				4DD5AD4E2A8D54F0008DBCC0 /* Release */,
			);
			defaultConfigurationIsVisible = 0;
			defaultConfigurationName = Release;
		};
		4DD5AD4F2A8D54F0008DBCC0 /* Build configuration list for PBXNativeTarget "exquisite gamblingTests" */ = {
			isa = XCConfigurationList;
			buildConfigurations = (
				4DD5AD502A8D54F0008DBCC0 /* Debug */,
				4DD5AD512A8D54F0008DBCC0 /* Release */,
			);
			defaultConfigurationIsVisible = 0;
			defaultConfigurationName = Release;
		};
		4DD5AD522A8D54F0008DBCC0 /* Build configuration list for PBXNativeTarget "exquisite gamblingUITests" */ = {
			isa = XCConfigurationList;
			buildConfigurations = (
				4DD5AD532A8D54F0008DBCC0 /* Debug */,
				4DD5AD542A8D54F0008DBCC0 /* Release */,
			);
			defaultConfigurationIsVisible = 0;
			defaultConfigurationName = Release;
		};
/* End XCConfigurationList section */
	};
	rootObject = 4DD5AD1C2A8D54E3008DBCC0 /* Project object */;
}
